
Microsoft Visual Studio Solution File, Format Version 12.00
# Visual Studio Version 17
VisualStudioVersion = 17.12.35527.113
MinimumVisualStudioVersion = 10.0.40219.1
Project("{FAE04EC0-301F-11D3-BF4B-00C04F79EFBC}") = "NXM.Tensai.Back.OKR.API", "NXM.Tensai.Back.OKR.API\NXM.Tensai.Back.OKR.API.csproj", "{BB148602-B3E1-4C8B-AB6B-ACE7A5BA6EAE}"
EndProject
Project("{FAE04EC0-301F-11D3-BF4B-00C04F79EFBC}") = "NXM.Tensai.Back.OKR.Application", "NXM.Tensai.Back.OKR.Application\NXM.Tensai.Back.OKR.Application.csproj", "{936B7CC2-1E89-41E0-A0EB-5C71FA28E392}"
EndProject
Project("{FAE04EC0-301F-11D3-BF4B-00C04F79EFBC}") = "NXM.Tensai.Back.OKR.Domain", "NXM.Tensai.Back.OKR.Domain\NXM.Tensai.Back.OKR.Domain.csproj", "{5F2A7EEA-8702-4BAC-ADFE-4AABB0DAAA42}"
EndProject
Project("{FAE04EC0-301F-11D3-BF4B-00C04F79EFBC}") = "NXM.Tensai.Back.OKR.Infrastructure", "NXM.Tensai.Back.OKR.Infrastructure\NXM.Tensai.Back.OKR.Infrastructure.csproj", "{9EA64A82-9BB6-4498-AF48-CE076250C28B}"
EndProject
Project("{2150E333-8FDC-42A3-9474-1A3956D46DE8}") = "src", "src", "{F7ED9447-EA2D-4321-A0E6-D186030741AA}"
EndProject
Project("{2150E333-8FDC-42A3-9474-1A3956D46DE8}") = "tests", "tests", "{15BF2F66-7716-4005-8895-76A59F315008}"
EndProject
Project("{E53339B2-1760-4266-BCC7-CA923CBCF16C}") = "docker-compose", "docker-compose.dcproj", "{39155F7E-0C35-4376-8B73-D74E38F55C73}"
EndProject
Project("{FAE04EC0-301F-11D3-BF4B-00C04F79EFBC}") = "NXM.Tensai.Back.OKR.API.UnitTests", "NXM.Tensai.Back.OKR.API.UnitTests\NXM.Tensai.Back.OKR.API.UnitTests.csproj", "{B536E33D-F46F-4B14-B26E-376C0750E1C5}"
EndProject
Project("{FAE04EC0-301F-11D3-BF4B-00C04F79EFBC}") = "NXM.Tensai.Back.OKR.Application.UnitTests", "NXM.Tensai.Back.OKR.Application.UnitTests\NXM.Tensai.Back.OKR.Application.UnitTests.csproj", "{DE004237-F151-4683-B9A0-DE12EB2A8E0D}"
EndProject
Project("{FAE04EC0-301F-11D3-BF4B-00C04F79EFBC}") = "NXM.Tensai.Back.OKR.Domain.UnitTests", "NXM.Tensai.Back.OKR.Domain.UnitTests\NXM.Tensai.Back.OKR.Domain.UnitTests.csproj", "{67A9FFA5-98BB-47CC-AEFE-81FA90D5E0F3}"
EndProject
Project("{FAE04EC0-301F-11D3-BF4B-00C04F79EFBC}") = "NXM.Tensai.Back.OKR.Infrastructure.UnitTests", "NXM.Tensai.Back.OKR.Infrastructure.UnitTests\NXM.Tensai.Back.OKR.Infrastructure.UnitTests.csproj", "{E2762AC2-45EB-471F-8271-DD06C48929A1}"
EndProject
Project("{FAE04EC0-301F-11D3-BF4B-00C04F79EFBC}") = "NXM.Tensai.Back.OKR.AI", "NXM.Tensai.Back.OKR.AI\NXM.Tensai.Back.OKR.AI.csproj", "{1E5EE7E6-F1A5-46D9-8F28-D42B732F4323}"
EndProject
Project("{FAE04EC0-301F-11D3-BF4B-00C04F79EFBC}") = "NXM.Tensai.Back.OKR.API.IntegrationTests", "NXM.Tensai.Back.OKR.API.IntegrationTests\NXM.Tensai.Back.OKR.API.IntegrationTests.csproj", "{70AA2F91-4C34-4DD9-8DE5-1A062F5DE0C0}"
EndProject
Global
	GlobalSection(SolutionConfigurationPlatforms) = preSolution
		Debug|Any CPU = Debug|Any CPU
		Debug|x64 = Debug|x64
		Debug|x86 = Debug|x86
		Release|Any CPU = Release|Any CPU
		Release|x64 = Release|x64
		Release|x86 = Release|x86
	EndGlobalSection
	GlobalSection(ProjectConfigurationPlatforms) = postSolution
		{BB148602-B3E1-4C8B-AB6B-ACE7A5BA6EAE}.Debug|Any CPU.ActiveCfg = Debug|Any CPU
		{BB148602-B3E1-4C8B-AB6B-ACE7A5BA6EAE}.Debug|Any CPU.Build.0 = Debug|Any CPU
		{BB148602-B3E1-4C8B-AB6B-ACE7A5BA6EAE}.Debug|x64.ActiveCfg = Debug|Any CPU
		{BB148602-B3E1-4C8B-AB6B-ACE7A5BA6EAE}.Debug|x64.Build.0 = Debug|Any CPU
		{BB148602-B3E1-4C8B-AB6B-ACE7A5BA6EAE}.Debug|x86.ActiveCfg = Debug|Any CPU
		{BB148602-B3E1-4C8B-AB6B-ACE7A5BA6EAE}.Debug|x86.Build.0 = Debug|Any CPU
		{BB148602-B3E1-4C8B-AB6B-ACE7A5BA6EAE}.Release|Any CPU.ActiveCfg = Release|Any CPU
		{BB148602-B3E1-4C8B-AB6B-ACE7A5BA6EAE}.Release|Any CPU.Build.0 = Release|Any CPU
		{BB148602-B3E1-4C8B-AB6B-ACE7A5BA6EAE}.Release|x64.ActiveCfg = Release|Any CPU
		{BB148602-B3E1-4C8B-AB6B-ACE7A5BA6EAE}.Release|x64.Build.0 = Release|Any CPU
		{BB148602-B3E1-4C8B-AB6B-ACE7A5BA6EAE}.Release|x86.ActiveCfg = Release|Any CPU
		{BB148602-B3E1-4C8B-AB6B-ACE7A5BA6EAE}.Release|x86.Build.0 = Release|Any CPU
		{936B7CC2-1E89-41E0-A0EB-5C71FA28E392}.Debug|Any CPU.ActiveCfg = Debug|Any CPU
		{936B7CC2-1E89-41E0-A0EB-5C71FA28E392}.Debug|Any CPU.Build.0 = Debug|Any CPU
		{936B7CC2-1E89-41E0-A0EB-5C71FA28E392}.Debug|x64.ActiveCfg = Debug|Any CPU
		{936B7CC2-1E89-41E0-A0EB-5C71FA28E392}.Debug|x64.Build.0 = Debug|Any CPU
		{936B7CC2-1E89-41E0-A0EB-5C71FA28E392}.Debug|x86.ActiveCfg = Debug|Any CPU
		{936B7CC2-1E89-41E0-A0EB-5C71FA28E392}.Debug|x86.Build.0 = Debug|Any CPU
		{936B7CC2-1E89-41E0-A0EB-5C71FA28E392}.Release|Any CPU.ActiveCfg = Release|Any CPU
		{936B7CC2-1E89-41E0-A0EB-5C71FA28E392}.Release|Any CPU.Build.0 = Release|Any CPU
		{936B7CC2-1E89-41E0-A0EB-5C71FA28E392}.Release|x64.ActiveCfg = Release|Any CPU
		{936B7CC2-1E89-41E0-A0EB-5C71FA28E392}.Release|x64.Build.0 = Release|Any CPU
		{936B7CC2-1E89-41E0-A0EB-5C71FA28E392}.Release|x86.ActiveCfg = Release|Any CPU
		{936B7CC2-1E89-41E0-A0EB-5C71FA28E392}.Release|x86.Build.0 = Release|Any CPU
		{5F2A7EEA-8702-4BAC-ADFE-4AABB0DAAA42}.Debug|Any CPU.ActiveCfg = Debug|Any CPU
		{5F2A7EEA-8702-4BAC-ADFE-4AABB0DAAA42}.Debug|Any CPU.Build.0 = Debug|Any CPU
		{5F2A7EEA-8702-4BAC-ADFE-4AABB0DAAA42}.Debug|x64.ActiveCfg = Debug|Any CPU
		{5F2A7EEA-8702-4BAC-ADFE-4AABB0DAAA42}.Debug|x64.Build.0 = Debug|Any CPU
		{5F2A7EEA-8702-4BAC-ADFE-4AABB0DAAA42}.Debug|x86.ActiveCfg = Debug|Any CPU
		{5F2A7EEA-8702-4BAC-ADFE-4AABB0DAAA42}.Debug|x86.Build.0 = Debug|Any CPU
		{5F2A7EEA-8702-4BAC-ADFE-4AABB0DAAA42}.Release|Any CPU.ActiveCfg = Release|Any CPU
		{5F2A7EEA-8702-4BAC-ADFE-4AABB0DAAA42}.Release|Any CPU.Build.0 = Release|Any CPU
		{5F2A7EEA-8702-4BAC-ADFE-4AABB0DAAA42}.Release|x64.ActiveCfg = Release|Any CPU
		{5F2A7EEA-8702-4BAC-ADFE-4AABB0DAAA42}.Release|x64.Build.0 = Release|Any CPU
		{5F2A7EEA-8702-4BAC-ADFE-4AABB0DAAA42}.Release|x86.ActiveCfg = Release|Any CPU
		{5F2A7EEA-8702-4BAC-ADFE-4AABB0DAAA42}.Release|x86.Build.0 = Release|Any CPU
		{9EA64A82-9BB6-4498-AF48-CE076250C28B}.Debug|Any CPU.ActiveCfg = Debug|Any CPU
		{9EA64A82-9BB6-4498-AF48-CE076250C28B}.Debug|Any CPU.Build.0 = Debug|Any CPU
		{9EA64A82-9BB6-4498-AF48-CE076250C28B}.Debug|x64.ActiveCfg = Debug|Any CPU
		{9EA64A82-9BB6-4498-AF48-CE076250C28B}.Debug|x64.Build.0 = Debug|Any CPU
		{9EA64A82-9BB6-4498-AF48-CE076250C28B}.Debug|x86.ActiveCfg = Debug|Any CPU
		{9EA64A82-9BB6-4498-AF48-CE076250C28B}.Debug|x86.Build.0 = Debug|Any CPU
		{9EA64A82-9BB6-4498-AF48-CE076250C28B}.Release|Any CPU.ActiveCfg = Release|Any CPU
		{9EA64A82-9BB6-4498-AF48-CE076250C28B}.Release|Any CPU.Build.0 = Release|Any CPU
		{9EA64A82-9BB6-4498-AF48-CE076250C28B}.Release|x64.ActiveCfg = Release|Any CPU
		{9EA64A82-9BB6-4498-AF48-CE076250C28B}.Release|x64.Build.0 = Release|Any CPU
		{9EA64A82-9BB6-4498-AF48-CE076250C28B}.Release|x86.ActiveCfg = Release|Any CPU
		{9EA64A82-9BB6-4498-AF48-CE076250C28B}.Release|x86.Build.0 = Release|Any CPU
		{39155F7E-0C35-4376-8B73-D74E38F55C73}.Debug|Any CPU.ActiveCfg = Debug|Any CPU
		{39155F7E-0C35-4376-8B73-D74E38F55C73}.Debug|Any CPU.Build.0 = Debug|Any CPU
		{39155F7E-0C35-4376-8B73-D74E38F55C73}.Debug|x64.ActiveCfg = Debug|x64
		{39155F7E-0C35-4376-8B73-D74E38F55C73}.Debug|x86.ActiveCfg = Debug|x86
		{39155F7E-0C35-4376-8B73-D74E38F55C73}.Release|Any CPU.ActiveCfg = Release|Any CPU
		{39155F7E-0C35-4376-8B73-D74E38F55C73}.Release|Any CPU.Build.0 = Release|Any CPU
		{39155F7E-0C35-4376-8B73-D74E38F55C73}.Release|x64.ActiveCfg = Release|x64
		{39155F7E-0C35-4376-8B73-D74E38F55C73}.Release|x86.ActiveCfg = Release|x86
		{B536E33D-F46F-4B14-B26E-376C0750E1C5}.Debug|Any CPU.ActiveCfg = Debug|Any CPU
		{B536E33D-F46F-4B14-B26E-376C0750E1C5}.Debug|Any CPU.Build.0 = Debug|Any CPU
		{B536E33D-F46F-4B14-B26E-376C0750E1C5}.Debug|x64.ActiveCfg = Debug|Any CPU
		{B536E33D-F46F-4B14-B26E-376C0750E1C5}.Debug|x64.Build.0 = Debug|Any CPU
		{B536E33D-F46F-4B14-B26E-376C0750E1C5}.Debug|x86.ActiveCfg = Debug|Any CPU
		{B536E33D-F46F-4B14-B26E-376C0750E1C5}.Debug|x86.Build.0 = Debug|Any CPU
		{B536E33D-F46F-4B14-B26E-376C0750E1C5}.Release|Any CPU.ActiveCfg = Release|Any CPU
		{B536E33D-F46F-4B14-B26E-376C0750E1C5}.Release|Any CPU.Build.0 = Release|Any CPU
		{B536E33D-F46F-4B14-B26E-376C0750E1C5}.Release|x64.ActiveCfg = Release|Any CPU
		{B536E33D-F46F-4B14-B26E-376C0750E1C5}.Release|x64.Build.0 = Release|Any CPU
		{B536E33D-F46F-4B14-B26E-376C0750E1C5}.Release|x86.ActiveCfg = Release|Any CPU
		{B536E33D-F46F-4B14-B26E-376C0750E1C5}.Release|x86.Build.0 = Release|Any CPU
		{DE004237-F151-4683-B9A0-DE12EB2A8E0D}.Debug|Any CPU.ActiveCfg = Debug|Any CPU
		{DE004237-F151-4683-B9A0-DE12EB2A8E0D}.Debug|Any CPU.Build.0 = Debug|Any CPU
		{DE004237-F151-4683-B9A0-DE12EB2A8E0D}.Debug|x64.ActiveCfg = Debug|Any CPU
		{DE004237-F151-4683-B9A0-DE12EB2A8E0D}.Debug|x64.Build.0 = Debug|Any CPU
		{DE004237-F151-4683-B9A0-DE12EB2A8E0D}.Debug|x86.ActiveCfg = Debug|Any CPU
		{DE004237-F151-4683-B9A0-DE12EB2A8E0D}.Debug|x86.Build.0 = Debug|Any CPU
		{DE004237-F151-4683-B9A0-DE12EB2A8E0D}.Release|Any CPU.ActiveCfg = Release|Any CPU
		{DE004237-F151-4683-B9A0-DE12EB2A8E0D}.Release|Any CPU.Build.0 = Release|Any CPU
		{DE004237-F151-4683-B9A0-DE12EB2A8E0D}.Release|x64.ActiveCfg = Release|Any CPU
		{DE004237-F151-4683-B9A0-DE12EB2A8E0D}.Release|x64.Build.0 = Release|Any CPU
		{DE004237-F151-4683-B9A0-DE12EB2A8E0D}.Release|x86.ActiveCfg = Release|Any CPU
		{DE004237-F151-4683-B9A0-DE12EB2A8E0D}.Release|x86.Build.0 = Release|Any CPU
		{67A9FFA5-98BB-47CC-AEFE-81FA90D5E0F3}.Debug|Any CPU.ActiveCfg = Debug|Any CPU
		{67A9FFA5-98BB-47CC-AEFE-81FA90D5E0F3}.Debug|Any CPU.Build.0 = Debug|Any CPU
		{67A9FFA5-98BB-47CC-AEFE-81FA90D5E0F3}.Debug|x64.ActiveCfg = Debug|Any CPU
		{67A9FFA5-98BB-47CC-AEFE-81FA90D5E0F3}.Debug|x64.Build.0 = Debug|Any CPU
		{67A9FFA5-98BB-47CC-AEFE-81FA90D5E0F3}.Debug|x86.ActiveCfg = Debug|Any CPU
		{67A9FFA5-98BB-47CC-AEFE-81FA90D5E0F3}.Debug|x86.Build.0 = Debug|Any CPU
		{67A9FFA5-98BB-47CC-AEFE-81FA90D5E0F3}.Release|Any CPU.ActiveCfg = Release|Any CPU
		{67A9FFA5-98BB-47CC-AEFE-81FA90D5E0F3}.Release|Any CPU.Build.0 = Release|Any CPU
		{67A9FFA5-98BB-47CC-AEFE-81FA90D5E0F3}.Release|x64.ActiveCfg = Release|Any CPU
		{67A9FFA5-98BB-47CC-AEFE-81FA90D5E0F3}.Release|x64.Build.0 = Release|Any CPU
		{67A9FFA5-98BB-47CC-AEFE-81FA90D5E0F3}.Release|x86.ActiveCfg = Release|Any CPU
		{67A9FFA5-98BB-47CC-AEFE-81FA90D5E0F3}.Release|x86.Build.0 = Release|Any CPU
		{E2762AC2-45EB-471F-8271-DD06C48929A1}.Debug|Any CPU.ActiveCfg = Debug|Any CPU
		{E2762AC2-45EB-471F-8271-DD06C48929A1}.Debug|Any CPU.Build.0 = Debug|Any CPU
		{E2762AC2-45EB-471F-8271-DD06C48929A1}.Debug|x64.ActiveCfg = Debug|Any CPU
		{E2762AC2-45EB-471F-8271-DD06C48929A1}.Debug|x64.Build.0 = Debug|Any CPU
		{E2762AC2-45EB-471F-8271-DD06C48929A1}.Debug|x86.ActiveCfg = Debug|Any CPU
		{E2762AC2-45EB-471F-8271-DD06C48929A1}.Debug|x86.Build.0 = Debug|Any CPU
		{E2762AC2-45EB-471F-8271-DD06C48929A1}.Release|Any CPU.ActiveCfg = Release|Any CPU
		{E2762AC2-45EB-471F-8271-DD06C48929A1}.Release|Any CPU.Build.0 = Release|Any CPU
		{E2762AC2-45EB-471F-8271-DD06C48929A1}.Release|x64.ActiveCfg = Release|Any CPU
		{E2762AC2-45EB-471F-8271-DD06C48929A1}.Release|x64.Build.0 = Release|Any CPU
		{E2762AC2-45EB-471F-8271-DD06C48929A1}.Release|x86.ActiveCfg = Release|Any CPU
		{E2762AC2-45EB-471F-8271-DD06C48929A1}.Release|x86.Build.0 = Release|Any CPU
		{1E5EE7E6-F1A5-46D9-8F28-D42B732F4323}.Debug|Any CPU.ActiveCfg = Debug|Any CPU
		{1E5EE7E6-F1A5-46D9-8F28-D42B732F4323}.Debug|Any CPU.Build.0 = Debug|Any CPU
		{1E5EE7E6-F1A5-46D9-8F28-D42B732F4323}.Debug|x64.ActiveCfg = Debug|Any CPU
		{1E5EE7E6-F1A5-46D9-8F28-D42B732F4323}.Debug|x64.Build.0 = Debug|Any CPU
		{1E5EE7E6-F1A5-46D9-8F28-D42B732F4323}.Debug|x86.ActiveCfg = Debug|Any CPU
		{1E5EE7E6-F1A5-46D9-8F28-D42B732F4323}.Debug|x86.Build.0 = Debug|Any CPU
		{1E5EE7E6-F1A5-46D9-8F28-D42B732F4323}.Release|Any CPU.ActiveCfg = Release|Any CPU
		{1E5EE7E6-F1A5-46D9-8F28-D42B732F4323}.Release|Any CPU.Build.0 = Release|Any CPU
		{1E5EE7E6-F1A5-46D9-8F28-D42B732F4323}.Release|x64.ActiveCfg = Release|Any CPU
		{1E5EE7E6-F1A5-46D9-8F28-D42B732F4323}.Release|x64.Build.0 = Release|Any CPU
		{1E5EE7E6-F1A5-46D9-8F28-D42B732F4323}.Release|x86.ActiveCfg = Release|Any CPU
		{1E5EE7E6-F1A5-46D9-8F28-D42B732F4323}.Release|x86.Build.0 = Release|Any CPU
		{70AA2F91-4C34-4DD9-8DE5-1A062F5DE0C0}.Debug|Any CPU.ActiveCfg = Debug|Any CPU
		{70AA2F91-4C34-4DD9-8DE5-1A062F5DE0C0}.Debug|Any CPU.Build.0 = Debug|Any CPU
		{70AA2F91-4C34-4DD9-8DE5-1A062F5DE0C0}.Debug|x64.ActiveCfg = Debug|Any CPU
		{70AA2F91-4C34-4DD9-8DE5-1A062F5DE0C0}.Debug|x64.Build.0 = Debug|Any CPU
		{70AA2F91-4C34-4DD9-8DE5-1A062F5DE0C0}.Debug|x86.ActiveCfg = Debug|Any CPU
		{70AA2F91-4C34-4DD9-8DE5-1A062F5DE0C0}.Debug|x86.Build.0 = Debug|Any CPU
		{70AA2F91-4C34-4DD9-8DE5-1A062F5DE0C0}.Release|Any CPU.ActiveCfg = Release|Any CPU
		{70AA2F91-4C34-4DD9-8DE5-1A062F5DE0C0}.Release|Any CPU.Build.0 = Release|Any CPU
		{70AA2F91-4C34-4DD9-8DE5-1A062F5DE0C0}.Release|x64.ActiveCfg = Release|Any CPU
		{70AA2F91-4C34-4DD9-8DE5-1A062F5DE0C0}.Release|x64.Build.0 = Release|Any CPU
		{70AA2F91-4C34-4DD9-8DE5-1A062F5DE0C0}.Release|x86.ActiveCfg = Release|Any CPU
		{70AA2F91-4C34-4DD9-8DE5-1A062F5DE0C0}.Release|x86.Build.0 = Release|Any CPU
	EndGlobalSection
	GlobalSection(SolutionProperties) = preSolution
		HideSolutionNode = FALSE
	EndGlobalSection
	GlobalSection(NestedProjects) = preSolution
		{BB148602-B3E1-4C8B-AB6B-ACE7A5BA6EAE} = {F7ED9447-EA2D-4321-A0E6-D186030741AA}
		{936B7CC2-1E89-41E0-A0EB-5C71FA28E392} = {F7ED9447-EA2D-4321-A0E6-D186030741AA}
		{5F2A7EEA-8702-4BAC-ADFE-4AABB0DAAA42} = {F7ED9447-EA2D-4321-A0E6-D186030741AA}
		{9EA64A82-9BB6-4498-AF48-CE076250C28B} = {F7ED9447-EA2D-4321-A0E6-D186030741AA}
		{B536E33D-F46F-4B14-B26E-376C0750E1C5} = {15BF2F66-7716-4005-8895-76A59F315008}
		{DE004237-F151-4683-B9A0-DE12EB2A8E0D} = {15BF2F66-7716-4005-8895-76A59F315008}
		{67A9FFA5-98BB-47CC-AEFE-81FA90D5E0F3} = {15BF2F66-7716-4005-8895-76A59F315008}
		{E2762AC2-45EB-471F-8271-DD06C48929A1} = {15BF2F66-7716-4005-8895-76A59F315008}
		{1E5EE7E6-F1A5-46D9-8F28-D42B732F4323} = {F7ED9447-EA2D-4321-A0E6-D186030741AA}
	EndGlobalSection
EndGlobal
